
Microsoft Visual Studio Solution File, Format Version 12.00
# Visual Studio Version 17
VisualStudioVersion = 17.0.31707.426
MinimumVisualStudioVersion = 10.0.40219.1
Project("{9A19103F-16F7-4668-BE54-9A1E7A4F7556}") = "Nerdbank.Streams", "src\Nerdbank.Streams\Nerdbank.Streams.csproj", "{588B37F9-4102-4A6B-BA9E-769EDA0E89D5}"
EndProject
Project("{2150E333-8FDC-42A3-9474-1A3956D46DE8}") = "Solution Items", "Solution Items", "{2B416DBB-F2EF-4815-A851-E14D5579055C}"
	ProjectSection(SolutionItems) = preProject
		.editorconfig = .editorconfig
		.gitignore = .gitignore
		azure-pipelines.yml = azure-pipelines.yml
		Directory.Build.props = Directory.Build.props
		Directory.Build.targets = Directory.Build.targets
		global.json = global.json
		nuget.config = nuget.config
		README.md = README.md
		version.json = version.json
	EndProjectSection
EndProject
Project("{9A19103F-16F7-4668-BE54-9A1E7A4F7556}") = "Nerdbank.Streams.Tests", "test\Nerdbank.Streams.Tests\Nerdbank.Streams.Tests.csproj", "{266AC3D0-164A-47C7-87E6-06302291900B}"
EndProject
Project("{9A19103F-16F7-4668-BE54-9A1E7A4F7556}") = "IsolatedTestHost", "test\IsolatedTestHost\IsolatedTestHost.csproj", "{86D0B908-93DD-44F3-9975-2879C165162F}"
EndProject
Project("{9A19103F-16F7-4668-BE54-9A1E7A4F7556}") = "Nerdbank.Streams.Interop.Tests", "test\Nerdbank.Streams.Interop.Tests\Nerdbank.Streams.Interop.Tests.csproj", "{35EC5994-B682-4FD9-8242-D6D3DEE78FDE}"
EndProject
Project("{9092AA53-FB77-4645-B42D-1CCCA6BD08BD}") = "nerdbank-streams", "src\nerdbank-streams\nerdbank-streams.njsproj", "{9C64CF35-FD7C-4D57-B10A-5BD2F112B8D2}"
EndProject
Project("{9A19103F-16F7-4668-BE54-9A1E7A4F7556}") = "Nerdbank.Streams.Benchmark", "test\Nerdbank.Streams.Benchmark\Nerdbank.Streams.Benchmark.csproj", "{DD19E7F3-2D17-4B4F-9984-B1F422231FBF}"
EndProject
Project("{2150E333-8FDC-42A3-9474-1A3956D46DE8}") = "src", "src", "{76B41BD2-CF87-4E9B-887E-0725156A4ED2}"
	ProjectSection(SolutionItems) = preProject
		src\.editorconfig = src\.editorconfig
		src\Directory.Build.props = src\Directory.Build.props
		src\Directory.Build.targets = src\Directory.Build.targets
	EndProjectSection
EndProject
Project("{2150E333-8FDC-42A3-9474-1A3956D46DE8}") = "test", "test", "{69F9B271-DC2E-4650-A185-A7C645B5B0DA}"
	ProjectSection(SolutionItems) = preProject
		test\.editorconfig = test\.editorconfig
		test\Directory.Build.props = test\Directory.Build.props
		test\Directory.Build.targets = test\Directory.Build.targets
	EndProjectSection
EndProject
Global
	GlobalSection(SolutionConfigurationPlatforms) = preSolution
		Debug|Any CPU = Debug|Any CPU
		Release|Any CPU = Release|Any CPU
	EndGlobalSection
	GlobalSection(ProjectConfigurationPlatforms) = postSolution
		{588B37F9-4102-4A6B-BA9E-769EDA0E89D5}.Debug|Any CPU.ActiveCfg = Debug|Any CPU
		{588B37F9-4102-4A6B-BA9E-769EDA0E89D5}.Debug|Any CPU.Build.0 = Debug|Any CPU
		{588B37F9-4102-4A6B-BA9E-769EDA0E89D5}.Release|Any CPU.ActiveCfg = Release|Any CPU
		{588B37F9-4102-4A6B-BA9E-769EDA0E89D5}.Release|Any CPU.Build.0 = Release|Any CPU
		{266AC3D0-164A-47C7-87E6-06302291900B}.Debug|Any CPU.ActiveCfg = Debug|Any CPU
		{266AC3D0-164A-47C7-87E6-06302291900B}.Debug|Any CPU.Build.0 = Debug|Any CPU
		{266AC3D0-164A-47C7-87E6-06302291900B}.Release|Any CPU.ActiveCfg = Release|Any CPU
		{266AC3D0-164A-47C7-87E6-06302291900B}.Release|Any CPU.Build.0 = Release|Any CPU
		{86D0B908-93DD-44F3-9975-2879C165162F}.Debug|Any CPU.ActiveCfg = Debug|Any CPU
		{86D0B908-93DD-44F3-9975-2879C165162F}.Debug|Any CPU.Build.0 = Debug|Any CPU
		{86D0B908-93DD-44F3-9975-2879C165162F}.Release|Any CPU.ActiveCfg = Release|Any CPU
		{86D0B908-93DD-44F3-9975-2879C165162F}.Release|Any CPU.Build.0 = Release|Any CPU
		{35EC5994-B682-4FD9-8242-D6D3DEE78FDE}.Debug|Any CPU.ActiveCfg = Debug|Any CPU
		{35EC5994-B682-4FD9-8242-D6D3DEE78FDE}.Debug|Any CPU.Build.0 = Debug|Any CPU
		{35EC5994-B682-4FD9-8242-D6D3DEE78FDE}.Release|Any CPU.ActiveCfg = Release|Any CPU
		{35EC5994-B682-4FD9-8242-D6D3DEE78FDE}.Release|Any CPU.Build.0 = Release|Any CPU
		{9C64CF35-FD7C-4D57-B10A-5BD2F112B8D2}.Debug|Any CPU.ActiveCfg = Debug|Any CPU
		{9C64CF35-FD7C-4D57-B10A-5BD2F112B8D2}.Release|Any CPU.ActiveCfg = Release|Any CPU
		{DD19E7F3-2D17-4B4F-9984-B1F422231FBF}.Debug|Any CPU.ActiveCfg = Debug|Any CPU
		{DD19E7F3-2D17-4B4F-9984-B1F422231FBF}.Debug|Any CPU.Build.0 = Debug|Any CPU
		{DD19E7F3-2D17-4B4F-9984-B1F422231FBF}.Release|Any CPU.ActiveCfg = Release|Any CPU
		{DD19E7F3-2D17-4B4F-9984-B1F422231FBF}.Release|Any CPU.Build.0 = Release|Any CPU
	EndGlobalSection
	GlobalSection(SolutionProperties) = preSolution
		HideSolutionNode = FALSE
	EndGlobalSection
	GlobalSection(NestedProjects) = preSolution
		{588B37F9-4102-4A6B-BA9E-769EDA0E89D5} = {76B41BD2-CF87-4E9B-887E-0725156A4ED2}
		{266AC3D0-164A-47C7-87E6-06302291900B} = {69F9B271-DC2E-4650-A185-A7C645B5B0DA}
		{86D0B908-93DD-44F3-9975-2879C165162F} = {69F9B271-DC2E-4650-A185-A7C645B5B0DA}
		{35EC5994-B682-4FD9-8242-D6D3DEE78FDE} = {69F9B271-DC2E-4650-A185-A7C645B5B0DA}
		{9C64CF35-FD7C-4D57-B10A-5BD2F112B8D2} = {76B41BD2-CF87-4E9B-887E-0725156A4ED2}
		{DD19E7F3-2D17-4B4F-9984-B1F422231FBF} = {69F9B271-DC2E-4650-A185-A7C645B5B0DA}
	EndGlobalSection
	GlobalSection(ExtensibilityGlobals) = postSolution
		SolutionGuid = {6A2B15D3-B237-4B5B-BB63-16E6A06EC019}
	EndGlobalSection
EndGlobal
